<?xml version="1.0" encoding="UTF-8" standalone="yes" ?>
<CodeBlocks_project_file>
	<FileVersion major="1" minor="6" />
	<Project>
		<Option title="Platform-Game" />
		<Option pch_mode="2" />
		<Option compiler="gcc" />
		<Build>
			<Target title="Debug">
				<Option output="bin/Debug/Platform-Game" prefix_auto="1" extension_auto="1" />
				<Option object_output="obj/Debug/" />
				<Option type="1" />
				<Option compiler="gcc" />
				<Option use_console_runner="0" />
				<Compiler>
					<Add option="-g" />
					<Add directory="include" />
				</Compiler>
			</Target>
			<Target title="Release">
				<Option output="bin/Release/Platform-Game" prefix_auto="1" extension_auto="1" />
				<Option object_output="obj/Release/" />
				<Option type="1" />
				<Option compiler="gcc" />
				<Compiler>
					<Add option="-O2" />
					<Add directory="include" />
				</Compiler>
				<Linker>
					<Add option="-s" />
				</Linker>
			</Target>
		</Build>
		<Compiler>
			<Add option="-Wall" />
			<Add directory="D:/Code/C++ Projects/SDL2-2.0.8/i686-w64-mingw32/include/SDL2" />
			<Add directory="D:/Code/C++ Projects/SDL2_image-2.0.3/i686-w64-mingw32/include/SDL2" />
			<Add directory="D:/Code/C++ Projects/SDL2_mixer-2.0.2/i686-w64-mingw32/include/SDL2" />
		</Compiler>
		<Linker>
			<Add option="-lmingw32 -lSDL2main -lSDL2 -lSDL2_image -lSDL2_mixer" />
			<Add directory="D:/Code/C++ Projects/SDL2-2.0.8/i686-w64-mingw32/lib" />
			<Add directory="D:/Code/C++ Projects/SDL2_image-2.0.3/i686-w64-mingw32/lib" />
			<Add directory="D:/Code/C++ Projects/SDL2_mixer-2.0.2/i686-w64-mingw32/lib" />
		</Linker>
		<Unit filename="Main.cpp" />
		<Unit filename="assets/backgrounds/gamebackground.jpg" />
		<Unit filename="assets/backgrounds/gamebackground2.png" />
		<Unit filename="assets/characters/main_character_left.png" />
		<Unit filename="assets/characters/main_character_right.png" />
		<Unit filename="assets/platforms/Grass/Platform1.png" />
		<Unit filename="assets/platforms/Grass/Platform2.png" />
		<Unit filename="assets/platforms/Grass/Platform3.png" />
		<Unit filename="assets/platforms/Grass/platform4.png" />
		<Unit filename="assets/platforms/Grass/platform5.png" />
		<Unit filename="audio/Blessing.mp3" />
		<Unit filename="components/ComponentManager.h" />
		<Unit filename="components/Components.h" />
		<Unit filename="components/SpriteRenderer.h" />
		<Unit filename="components/TransformComponent.h" />
		<Unit filename="include/AssetHandler.h" />
		<Unit filename="include/GameObject.h" />
		<Unit filename="include/Map.h" />
		<Unit filename="include/Media.h" />
		<Unit filename="include/Platforms/platform.h" />
		<Unit filename="include/Platforms/platformFactory.h" />
		<Unit filename="include/Platforms/platformTypes.cpp" />
		<Unit filename="include/Platforms/platformTypes.h" />
		<Unit filename="include/PlayableCharacter.h" />
		<Unit filename="include/SDLWindow.h" />
		<Unit filename="include/Vector2D.h" />
		<Unit filename="include/WindowProperties.h" />
		<Unit filename="src/AssetHandler.cpp" />
		<Unit filename="src/Map.cpp" />
		<Unit filename="src/Media.cpp" />
		<Unit filename="src/PlayableCharacter.cpp" />
		<Unit filename="src/SDLWindow.cpp" />
		<Unit filename="src/Vector2D.cpp" />
		<Unit filename="src/WindowProperties.cpp" />
		<Extensions>
			<code_completion />
			<envvars />
			<debugger />
			<lib_finder disable_auto="1" />
		</Extensions>
	</Project>
</CodeBlocks_project_file>
